
Microsoft Visual Studio Solution File, Format Version 12.00
# Visual Studio Version 17
VisualStudioVersion = 17.2.32602.215
MinimumVisualStudioVersion = 10.0.40219.1
Project("{FAE04EC0-301F-11D3-BF4B-00C04F79EFBC}") = "Product", "Product\Product.csproj", "{236C0EF8-E0D6-4EA9-A12A-52F3F0E098B7}"
EndProject
Project("{FAE04EC0-301F-11D3-BF4B-00C04F79EFBC}") = "Client", "Client\Client.csproj", "{48F3B466-3193-4FF2-A3DF-28F9871EEE04}"
EndProject
Project("{FAE04EC0-301F-11D3-BF4B-00C04F79EFBC}") = "Sale", "Sale\Sale.csproj", "{41930791-6899-4CF9-B530-FB78608DAD78}"
EndProject
Project("{FAE04EC0-301F-11D3-BF4B-00C04F79EFBC}") = "Search", "Search\Search.csproj", "{24B8A968-A13E-41B0-B141-B6757EC31950}"
EndProject
Global
	GlobalSection(SolutionConfigurationPlatforms) = preSolution
		Debug|Any CPU = Debug|Any CPU
		Release|Any CPU = Release|Any CPU
	EndGlobalSection
	GlobalSection(ProjectConfigurationPlatforms) = postSolution
		{236C0EF8-E0D6-4EA9-A12A-52F3F0E098B7}.Debug|Any CPU.ActiveCfg = Debug|Any CPU
		{236C0EF8-E0D6-4EA9-A12A-52F3F0E098B7}.Debug|Any CPU.Build.0 = Debug|Any CPU
		{236C0EF8-E0D6-4EA9-A12A-52F3F0E098B7}.Release|Any CPU.ActiveCfg = Release|Any CPU
		{236C0EF8-E0D6-4EA9-A12A-52F3F0E098B7}.Release|Any CPU.Build.0 = Release|Any CPU
		{48F3B466-3193-4FF2-A3DF-28F9871EEE04}.Debug|Any CPU.ActiveCfg = Debug|Any CPU
		{48F3B466-3193-4FF2-A3DF-28F9871EEE04}.Debug|Any CPU.Build.0 = Debug|Any CPU
		{48F3B466-3193-4FF2-A3DF-28F9871EEE04}.Release|Any CPU.ActiveCfg = Release|Any CPU
		{48F3B466-3193-4FF2-A3DF-28F9871EEE04}.Release|Any CPU.Build.0 = Release|Any CPU
		{41930791-6899-4CF9-B530-FB78608DAD78}.Debug|Any CPU.ActiveCfg = Debug|Any CPU
		{41930791-6899-4CF9-B530-FB78608DAD78}.Debug|Any CPU.Build.0 = Debug|Any CPU
		{41930791-6899-4CF9-B530-FB78608DAD78}.Release|Any CPU.ActiveCfg = Release|Any CPU
		{41930791-6899-4CF9-B530-FB78608DAD78}.Release|Any CPU.Build.0 = Release|Any CPU
		{24B8A968-A13E-41B0-B141-B6757EC31950}.Debug|Any CPU.ActiveCfg = Debug|Any CPU
		{24B8A968-A13E-41B0-B141-B6757EC31950}.Debug|Any CPU.Build.0 = Debug|Any CPU
		{24B8A968-A13E-41B0-B141-B6757EC31950}.Release|Any CPU.ActiveCfg = Release|Any CPU
		{24B8A968-A13E-41B0-B141-B6757EC31950}.Release|Any CPU.Build.0 = Release|Any CPU
	EndGlobalSection
	GlobalSection(SolutionProperties) = preSolution
		HideSolutionNode = FALSE
	EndGlobalSection
	GlobalSection(ExtensibilityGlobals) = postSolution
		SolutionGuid = {F8E50AC0-578F-4722-8120-4B448CC61B7A}
	EndGlobalSection
EndGlobal
